{
  "name": "WebDev",
  "lockfileVersion": 2,
  "requires": true,
  "packages": {
    "": {
      "dependencies": {
        "date-and-time": "^2.4.1"
      }
    },
    "node_modules/date-and-time": {
      "version": "2.4.1",
      "resolved": "https://registry.npmjs.org/date-and-time/-/date-and-time-2.4.1.tgz",
      "integrity": "sha512-fG+ClATev+wHryqxOoGcTTegr5RhYE+tz/XHUkTQ/zvpWqQ90oOxjOhuMQ02bw87Oy9N3qBENCHHHSKdWJjgTg=="
    }
  },
  "dependencies": {
    "date-and-time": {
      "version": "2.4.1",
      "resolved": "https://registry.npmjs.org/date-and-time/-/date-and-time-2.4.1.tgz",
      "integrity": "sha512-fG+ClATev+wHryqxOoGcTTegr5RhYE+tz/XHUkTQ/zvpWqQ90oOxjOhuMQ02bw87Oy9N3qBENCHHHSKdWJjgTg=="
    }
  }
}
